
Microsoft Visual Studio Solution File, Format Version 12.00
# Visual Studio Version 16
VisualStudioVersion = 16.0.31019.35
MinimumVisualStudioVersion = 10.0.40219.1
Project("{FAE04EC0-301F-11D3-BF4B-00C04F79EFBC}") = "WxWorkCryptLib", "WxWorkCryptLib\WxWorkCryptLib.csproj", "{A5722D3B-65D8-4F58-B80E-0C32A18340D4}"
EndProject
Global
	GlobalSection(SolutionConfigurationPlatforms) = preSolution
		Debug|Any CPU = Debug|Any CPU
		Release|Any CPU = Release|Any CPU
	EndGlobalSection
	GlobalSection(ProjectConfigurationPlatforms) = postSolution
		{A5722D3B-65D8-4F58-B80E-0C32A18340D4}.Debug|Any CPU.ActiveCfg = Debug|Any CPU
		{A5722D3B-65D8-4F58-B80E-0C32A18340D4}.Debug|Any CPU.Build.0 = Debug|Any CPU
		{A5722D3B-65D8-4F58-B80E-0C32A18340D4}.Release|Any CPU.ActiveCfg = Release|Any CPU
		{A5722D3B-65D8-4F58-B80E-0C32A18340D4}.Release|Any CPU.Build.0 = Release|Any CPU
	EndGlobalSection
	GlobalSection(SolutionProperties) = preSolution
		HideSolutionNode = FALSE
	EndGlobalSection
	GlobalSection(ExtensibilityGlobals) = postSolution
		SolutionGuid = {D3BA7F3F-E558-476D-AF93-6F53B6FBE49C}
	EndGlobalSection
EndGlobal
